// !$*UTF8*$!
{
	archiveVersion = 1;
	classes = {
	};
	objectVersion = 55;
	objects = {

/* Begin PBXBuildFile section */
		5E29FD732A2FB098008D528F /* ESModule.swift in Sources */ = {isa = PBXBuildFile; fileRef = 5E29FD722A2FB098008D528F /* ESModule.swift */; };
		5E29FD752A2FB0EF008D528F /* ESLogs.swift in Sources */ = {isa = PBXBuildFile; fileRef = 5E29FD742A2FB0EF008D528F /* ESLogs.swift */; };
		5E494473293AC914007FFBDD /* URL.swift in Sources */ = {isa = PBXBuildFile; fileRef = 5E494472293AC914007FFBDD /* URL.swift */; };
		5E494475293D50FE007FFBDD /* ConfigurationProfiles.swift in Sources */ = {isa = PBXBuildFile; fileRef = 5E494474293D50FE007FFBDD /* ConfigurationProfiles.swift */; };
		5E4BC90029D75A8E0004DAA6 /* Arc.swift in Sources */ = {isa = PBXBuildFile; fileRef = 5E4BC8FF29D75A8E0004DAA6 /* Arc.swift */; };
		5E6780F22922E7E800BAF04B /* Edge.swift in Sources */ = {isa = PBXBuildFile; fileRef = 5E6780F12922E7E800BAF04B /* Edge.swift */; };
		5E93B0AE2941608D009D2AB5 /* Data.swift in Sources */ = {isa = PBXBuildFile; fileRef = 5E93B0AD2941608D009D2AB5 /* Data.swift */; };
		5E93B0B0294160B6009D2AB5 /* String.swift in Sources */ = {isa = PBXBuildFile; fileRef = 5E93B0AF294160B6009D2AB5 /* String.swift */; };
		5EA438FF2A7010FF00F3E2B9 /* XProtectBehavioralService.swift in Sources */ = {isa = PBXBuildFile; fileRef = 5EA438FE2A7010FF00F3E2B9 /* XProtectBehavioralService.swift */; };
		5ECE5DC12ADF2B4A00939BB0 /* BTM.swift in Sources */ = {isa = PBXBuildFile; fileRef = 5ECE5DC02ADF2B4A00939BB0 /* BTM.swift */; };
		5EFDDCD72AC6661A00EEF193 /* Brave.swift in Sources */ = {isa = PBXBuildFile; fileRef = 5EFDDCD62AC6661A00EEF193 /* Brave.swift */; };
		70A44403275707A90035F40E /* SystemReconModule.swift in Sources */ = {isa = PBXBuildFile; fileRef = 70A44402275707A90035F40E /* SystemReconModule.swift */; };
		70A44405275A76990035F40E /* LSQuarantine.swift in Sources */ = {isa = PBXBuildFile; fileRef = 70A44404275A76990035F40E /* LSQuarantine.swift */; };
		70CF9E3A27611C6100FD884B /* ShellHistoryAndProfiles.swift in Sources */ = {isa = PBXBuildFile; fileRef = 70CF9E3927611C6100FD884B /* ShellHistoryAndProfiles.swift */; };
		8ABB9E2B27568EB700C0ADD7 /* UnifiedLogModule.swift in Sources */ = {isa = PBXBuildFile; fileRef = 8ABB9E2A27568EB700C0ADD7 /* UnifiedLogModule.swift */; };
		8ABB9E312756D2B500C0ADD7 /* Aftermath.swift in Sources */ = {isa = PBXBuildFile; fileRef = 8ABB9E302756D2B500C0ADD7 /* Aftermath.swift */; };
		A006B5A12882FBA70091FAA1 /* DatabaseParser.swift in Sources */ = {isa = PBXBuildFile; fileRef = A006B5A02882FBA70091FAA1 /* DatabaseParser.swift */; };
		A007834E28947D71008489EA /* Emond.swift in Sources */ = {isa = PBXBuildFile; fileRef = A007834D28947D71008489EA /* Emond.swift */; };
		A007835028947E80008489EA /* LoginItems.swift in Sources */ = {isa = PBXBuildFile; fileRef = A007834F28947E80008489EA /* LoginItems.swift */; };
		A02509F128AD93DA0030D6A7 /* Storyline.swift in Sources */ = {isa = PBXBuildFile; fileRef = A02509F028AD93DA0030D6A7 /* Storyline.swift */; };
		A02509F428ADB1A80030D6A7 /* CHelpers.swift in Sources */ = {isa = PBXBuildFile; fileRef = A02509F328ADB1A80030D6A7 /* CHelpers.swift */; };
		A029AB152876A02800649701 /* ProcessModule.swift in Sources */ = {isa = PBXBuildFile; fileRef = A029AB142876A02800649701 /* ProcessModule.swift */; };
		A029AB192876A29600649701 /* Pids.swift in Sources */ = {isa = PBXBuildFile; fileRef = A029AB182876A29600649701 /* Pids.swift */; };
		A029AB2B2877F52D00649701 /* launchdXPC.m in Sources */ = {isa = PBXBuildFile; fileRef = A029AB2A2877F52D00649701 /* launchdXPC.m */; };
		A05BF3BD284FF8C0009E197B /* FileSystemModule.swift in Sources */ = {isa = PBXBuildFile; fileRef = A05BF3BC284FF8C0009E197B /* FileSystemModule.swift */; };
		A05BF3BF284FF8CF009E197B /* Slack.swift in Sources */ = {isa = PBXBuildFile; fileRef = A05BF3BE284FF8CF009E197B /* Slack.swift */; };
		A0759135275985170006766F /* TCC.swift in Sources */ = {isa = PBXBuildFile; fileRef = A0759134275985170006766F /* TCC.swift */; };
		A076742C27555FC100ED7066 /* PersistenceModule.swift in Sources */ = {isa = PBXBuildFile; fileRef = A076742B27555FC100ED7066 /* PersistenceModule.swift */; };
		A076742F2755798F00ED7066 /* ArtifactsModule.swift in Sources */ = {isa = PBXBuildFile; fileRef = A076742E2755798F00ED7066 /* ArtifactsModule.swift */; };
		A08342D6284A8247005E437A /* AnalysisModule.swift in Sources */ = {isa = PBXBuildFile; fileRef = A08342D5284A8247005E437A /* AnalysisModule.swift */; };
		A08342D8284E48FC005E437A /* LogFiles.swift in Sources */ = {isa = PBXBuildFile; fileRef = A08342D7284E48FC005E437A /* LogFiles.swift */; };
		A0879957275AD2DC00E885BC /* SystemConfig.swift in Sources */ = {isa = PBXBuildFile; fileRef = A0879956275AD2DC00E885BC /* SystemConfig.swift */; };
		A09B239C2848F6050062D592 /* Periodic.swift in Sources */ = {isa = PBXBuildFile; fileRef = A09B239B2848F6050062D592 /* Periodic.swift */; };
		A0C2E89728AAAE33008FA597 /* ProcLib.h in Sources */ = {isa = PBXBuildFile; fileRef = A029AB2E2877F56E00649701 /* ProcLib.h */; };
		A0C930CF289852E80011FB87 /* ZIPFoundation in Frameworks */ = {isa = PBXBuildFile; productRef = A0C930CE289852E80011FB87 /* ZIPFoundation */; };
		A0C930D428A4318F0011FB87 /* Timeline.swift in Sources */ = {isa = PBXBuildFile; fileRef = A0C930D328A4318F0011FB87 /* Timeline.swift */; };
		A0D6D54327F76C58002BB3C8 /* Cron.swift in Sources */ = {isa = PBXBuildFile; fileRef = A0D6D54227F76C58002BB3C8 /* Cron.swift */; };
		A0D6D54727FE147D002BB3C8 /* Overrides.swift in Sources */ = {isa = PBXBuildFile; fileRef = A0D6D54627FE147D002BB3C8 /* Overrides.swift */; };
		A0D6D54927FE52C1002BB3C8 /* SystemExtensions.swift in Sources */ = {isa = PBXBuildFile; fileRef = A0D6D54827FE52C1002BB3C8 /* SystemExtensions.swift */; };
		A0DA61B028625E1D00224810 /* FileWalker.swift in Sources */ = {isa = PBXBuildFile; fileRef = A0DA61AF28625E1D00224810 /* FileWalker.swift */; };
		A0E1E3E9275EC736008D0DC6 /* BrowserModule.swift in Sources */ = {isa = PBXBuildFile; fileRef = A0E1E3E8275EC736008D0DC6 /* BrowserModule.swift */; };
		A0E1E3EB275EC800008D0DC6 /* Firefox.swift in Sources */ = {isa = PBXBuildFile; fileRef = A0E1E3EA275EC800008D0DC6 /* Firefox.swift */; };
		A0E1E3ED275EC809008D0DC6 /* Chrome.swift in Sources */ = {isa = PBXBuildFile; fileRef = A0E1E3EC275EC809008D0DC6 /* Chrome.swift */; };
		A0E1E3EF275EC810008D0DC6 /* Safari.swift in Sources */ = {isa = PBXBuildFile; fileRef = A0E1E3EE275EC810008D0DC6 /* Safari.swift */; };
		A0E1E3F6275ED2E4008D0DC6 /* NetworkModule.swift in Sources */ = {isa = PBXBuildFile; fileRef = A0E1E3F5275ED2E4008D0DC6 /* NetworkModule.swift */; };
		A0E1E3F8275ED35D008D0DC6 /* NetworkConnections.swift in Sources */ = {isa = PBXBuildFile; fileRef = A0E1E3F7275ED35D008D0DC6 /* NetworkConnections.swift */; };
		A0E22EF2285CD60A003A411A /* CommonDirectories.swift in Sources */ = {isa = PBXBuildFile; fileRef = A0E22EF1285CD60A003A411A /* CommonDirectories.swift */; };
		A0FAEEFE28B94B2C00AC655F /* LogParser.swift in Sources */ = {isa = PBXBuildFile; fileRef = A0FAEEFD28B94B2C00AC655F /* LogParser.swift */; };
		A0FD80F628C7F82400E91584 /* ProcessParser.swift in Sources */ = {isa = PBXBuildFile; fileRef = A0FD80F528C7F82400E91584 /* ProcessParser.swift */; };
		A190FFD328B8094600B9EF9A /* XCTest.framework in Frameworks */ = {isa = PBXBuildFile; fileRef = A190FFD228B8094600B9EF9A /* XCTest.framework */; settings = {ATTRIBUTES = (Weak, ); }; };
		A190FFE228B8151F00B9EF9A /* MockFileManager.swift in Sources */ = {isa = PBXBuildFile; fileRef = A190FFD528B80C3900B9EF9A /* MockFileManager.swift */; };
		A190FFE328B8168400B9EF9A /* AftermathTests.swift in Sources */ = {isa = PBXBuildFile; fileRef = A190FFCF28B8084F00B9EF9A /* AftermathTests.swift */; };
		A1E433D928B918FF00E2B510 /* Aftermath.swift in Sources */ = {isa = PBXBuildFile; fileRef = 8ABB9E302756D2B500C0ADD7 /* Aftermath.swift */; };
		A1E433E528B9270800E2B510 /* dummyPlist.plist in Resources */ = {isa = PBXBuildFile; fileRef = A1E433E428B9270800E2B510 /* dummyPlist.plist */; };
		A3046F8E27627DAC0069AA21 /* Module.swift in Sources */ = {isa = PBXBuildFile; fileRef = A3046F8D27627DAC0069AA21 /* Module.swift */; };
		A3046F902763AE5E0069AA21 /* CaseFiles.swift in Sources */ = {isa = PBXBuildFile; fileRef = A3046F8F2763AE5E0069AA21 /* CaseFiles.swift */; };
		A31009A42B9B838100068593 /* Network.swift in Sources */ = {isa = PBXBuildFile; fileRef = A31009A32B9B838100068593 /* Network.swift */; };
		A31009A62B9B83E300068593 /* Node.swift in Sources */ = {isa = PBXBuildFile; fileRef = A31009A52B9B83E300068593 /* Node.swift */; };
		A31009A82B9B845E00068593 /* Processes.swift in Sources */ = {isa = PBXBuildFile; fileRef = A31009A72B9B845E00068593 /* Processes.swift */; };
		A3745358275730870074B65C /* LaunchItems.swift in Sources */ = {isa = PBXBuildFile; fileRef = A3745357275730870074B65C /* LaunchItems.swift */; };
		A374535A275735B40074B65C /* LoginHooks.swift in Sources */ = {isa = PBXBuildFile; fileRef = A3745359275735B40074B65C /* LoginHooks.swift */; };
		A374535D2757C1300074B65C /* FileManager.swift in Sources */ = {isa = PBXBuildFile; fileRef = A374535C2757C1300074B65C /* FileManager.swift */; };
		A3CD4E56274434EE00869ECB /* Command.swift in Sources */ = {isa = PBXBuildFile; fileRef = A3CD4E55274434EE00869ECB /* Command.swift */; };
/* End PBXBuildFile section */

/* Begin PBXCopyFilesBuildPhase section */
		A3CD4E50274434EE00869ECB /* CopyFiles */ = {
			isa = PBXCopyFilesBuildPhase;
			buildActionMask = 2147483647;
			dstPath = /usr/share/man/man1/;
			dstSubfolderSpec = 0;
			files = (
			);
			runOnlyForDeploymentPostprocessing = 1;
		};
/* End PBXCopyFilesBuildPhase section */

/* Begin PBXFileReference section */
		5E29FD722A2FB098008D528F /* ESModule.swift */ = {isa = PBXFileReference; lastKnownFileType = sourcecode.swift; path = ESModule.swift; sourceTree = "<group>"; };
		5E29FD742A2FB0EF008D528F /* ESLogs.swift */ = {isa = PBXFileReference; lastKnownFileType = sourcecode.swift; path = ESLogs.swift; sourceTree = "<group>"; };
		5E494472293AC914007FFBDD /* URL.swift */ = {isa = PBXFileReference; lastKnownFileType = sourcecode.swift; path = URL.swift; sourceTree = "<group>"; };
		5E494474293D50FE007FFBDD /* ConfigurationProfiles.swift */ = {isa = PBXFileReference; lastKnownFileType = sourcecode.swift; path = ConfigurationProfiles.swift; sourceTree = "<group>"; };
		5E4BC8FF29D75A8E0004DAA6 /* Arc.swift */ = {isa = PBXFileReference; lastKnownFileType = sourcecode.swift; path = Arc.swift; sourceTree = "<group>"; };
		5E6780F12922E7E800BAF04B /* Edge.swift */ = {isa = PBXFileReference; lastKnownFileType = sourcecode.swift; path = Edge.swift; sourceTree = "<group>"; };
		5E93B0AD2941608D009D2AB5 /* Data.swift */ = {isa = PBXFileReference; lastKnownFileType = sourcecode.swift; path = Data.swift; sourceTree = "<group>"; };
		5E93B0AF294160B6009D2AB5 /* String.swift */ = {isa = PBXFileReference; lastKnownFileType = sourcecode.swift; path = String.swift; sourceTree = "<group>"; };
		5EA438FE2A7010FF00F3E2B9 /* XProtectBehavioralService.swift */ = {isa = PBXFileReference; lastKnownFileType = sourcecode.swift; path = XProtectBehavioralService.swift; sourceTree = "<group>"; };
		5ECE5DC02ADF2B4A00939BB0 /* BTM.swift */ = {isa = PBXFileReference; lastKnownFileType = sourcecode.swift; path = BTM.swift; sourceTree = "<group>"; };
		5EFDDCD62AC6661A00EEF193 /* Brave.swift */ = {isa = PBXFileReference; lastKnownFileType = sourcecode.swift; path = Brave.swift; sourceTree = "<group>"; };
		70A44402275707A90035F40E /* SystemReconModule.swift */ = {isa = PBXFileReference; lastKnownFileType = sourcecode.swift; path = SystemReconModule.swift; sourceTree = "<group>"; };
		70A44404275A76990035F40E /* LSQuarantine.swift */ = {isa = PBXFileReference; lastKnownFileType = sourcecode.swift; path = LSQuarantine.swift; sourceTree = "<group>"; };
		70CF9E3927611C6100FD884B /* ShellHistoryAndProfiles.swift */ = {isa = PBXFileReference; lastKnownFileType = sourcecode.swift; path = ShellHistoryAndProfiles.swift; sourceTree = "<group>"; };
		8ABB9E2A27568EB700C0ADD7 /* UnifiedLogModule.swift */ = {isa = PBXFileReference; lastKnownFileType = sourcecode.swift; path = UnifiedLogModule.swift; sourceTree = "<group>"; };
		8ABB9E302756D2B500C0ADD7 /* Aftermath.swift */ = {isa = PBXFileReference; lastKnownFileType = sourcecode.swift; path = Aftermath.swift; sourceTree = "<group>"; };
		A006B5A02882FBA70091FAA1 /* DatabaseParser.swift */ = {isa = PBXFileReference; lastKnownFileType = sourcecode.swift; path = DatabaseParser.swift; sourceTree = "<group>"; };
		A007834D28947D71008489EA /* Emond.swift */ = {isa = PBXFileReference; lastKnownFileType = sourcecode.swift; path = Emond.swift; sourceTree = "<group>"; };
		A007834F28947E80008489EA /* LoginItems.swift */ = {isa = PBXFileReference; lastKnownFileType = sourcecode.swift; path = LoginItems.swift; sourceTree = "<group>"; };
		A02509F028AD93DA0030D6A7 /* Storyline.swift */ = {isa = PBXFileReference; lastKnownFileType = sourcecode.swift; path = Storyline.swift; sourceTree = "<group>"; };
		A02509F328ADB1A80030D6A7 /* CHelpers.swift */ = {isa = PBXFileReference; lastKnownFileType = sourcecode.swift; path = CHelpers.swift; sourceTree = "<group>"; };
		A029AB142876A02800649701 /* ProcessModule.swift */ = {isa = PBXFileReference; lastKnownFileType = sourcecode.swift; path = ProcessModule.swift; sourceTree = "<group>"; };
		A029AB182876A29600649701 /* Pids.swift */ = {isa = PBXFileReference; lastKnownFileType = sourcecode.swift; path = Pids.swift; sourceTree = "<group>"; };
		A029AB282877F4F400649701 /* module.modulemap */ = {isa = PBXFileReference; lastKnownFileType = "sourcecode.module-map"; path = module.modulemap; sourceTree = "<group>"; };
		A029AB292877F50900649701 /* launchdXPC.h */ = {isa = PBXFileReference; lastKnownFileType = sourcecode.c.h; path = launchdXPC.h; sourceTree = "<group>"; };
		A029AB2A2877F52D00649701 /* launchdXPC.m */ = {isa = PBXFileReference; lastKnownFileType = sourcecode.c.objc; path = launchdXPC.m; sourceTree = "<group>"; };
		A029AB2D2877F55600649701 /* module.modulemap */ = {isa = PBXFileReference; lastKnownFileType = "sourcecode.module-map"; path = module.modulemap; sourceTree = "<group>"; };
		A029AB2E2877F56E00649701 /* ProcLib.h */ = {isa = PBXFileReference; lastKnownFileType = sourcecode.c.h; path = ProcLib.h; sourceTree = "<group>"; };
		A05BF3BC284FF8C0009E197B /* FileSystemModule.swift */ = {isa = PBXFileReference; lastKnownFileType = sourcecode.swift; path = FileSystemModule.swift; sourceTree = "<group>"; };
		A05BF3BE284FF8CF009E197B /* Slack.swift */ = {isa = PBXFileReference; lastKnownFileType = sourcecode.swift; path = Slack.swift; sourceTree = "<group>"; };
		A0759134275985170006766F /* TCC.swift */ = {isa = PBXFileReference; lastKnownFileType = sourcecode.swift; path = TCC.swift; sourceTree = "<group>"; };
		A076742B27555FC100ED7066 /* PersistenceModule.swift */ = {isa = PBXFileReference; fileEncoding = 4; lastKnownFileType = sourcecode.swift; path = PersistenceModule.swift; sourceTree = "<group>"; };
		A076742E2755798F00ED7066 /* ArtifactsModule.swift */ = {isa = PBXFileReference; lastKnownFileType = sourcecode.swift; path = ArtifactsModule.swift; sourceTree = "<group>"; };
		A08342D5284A8247005E437A /* AnalysisModule.swift */ = {isa = PBXFileReference; lastKnownFileType = sourcecode.swift; path = AnalysisModule.swift; sourceTree = "<group>"; };
		A08342D7284E48FC005E437A /* LogFiles.swift */ = {isa = PBXFileReference; lastKnownFileType = sourcecode.swift; path = LogFiles.swift; sourceTree = "<group>"; };
		A0879956275AD2DC00E885BC /* SystemConfig.swift */ = {isa = PBXFileReference; fileEncoding = 4; lastKnownFileType = sourcecode.swift; path = SystemConfig.swift; sourceTree = "<group>"; };
		A09B239B2848F6050062D592 /* Periodic.swift */ = {isa = PBXFileReference; lastKnownFileType = sourcecode.swift; path = Periodic.swift; sourceTree = "<group>"; };
		A0C930D328A4318F0011FB87 /* Timeline.swift */ = {isa = PBXFileReference; lastKnownFileType = sourcecode.swift; path = Timeline.swift; sourceTree = "<group>"; };
		A0D6D54227F76C58002BB3C8 /* Cron.swift */ = {isa = PBXFileReference; lastKnownFileType = sourcecode.swift; path = Cron.swift; sourceTree = "<group>"; };
		A0D6D54627FE147D002BB3C8 /* Overrides.swift */ = {isa = PBXFileReference; lastKnownFileType = sourcecode.swift; path = Overrides.swift; sourceTree = "<group>"; };
		A0D6D54827FE52C1002BB3C8 /* SystemExtensions.swift */ = {isa = PBXFileReference; lastKnownFileType = sourcecode.swift; path = SystemExtensions.swift; sourceTree = "<group>"; };
		A0DA61AF28625E1D00224810 /* FileWalker.swift */ = {isa = PBXFileReference; lastKnownFileType = sourcecode.swift; path = FileWalker.swift; sourceTree = "<group>"; };
		A0E1E3E8275EC736008D0DC6 /* BrowserModule.swift */ = {isa = PBXFileReference; lastKnownFileType = sourcecode.swift; path = BrowserModule.swift; sourceTree = "<group>"; };
		A0E1E3EA275EC800008D0DC6 /* Firefox.swift */ = {isa = PBXFileReference; lastKnownFileType = sourcecode.swift; path = Firefox.swift; sourceTree = "<group>"; };
		A0E1E3EC275EC809008D0DC6 /* Chrome.swift */ = {isa = PBXFileReference; lastKnownFileType = sourcecode.swift; path = Chrome.swift; sourceTree = "<group>"; };
		A0E1E3EE275EC810008D0DC6 /* Safari.swift */ = {isa = PBXFileReference; lastKnownFileType = sourcecode.swift; path = Safari.swift; sourceTree = "<group>"; };
		A0E1E3F5275ED2E4008D0DC6 /* NetworkModule.swift */ = {isa = PBXFileReference; lastKnownFileType = sourcecode.swift; path = NetworkModule.swift; sourceTree = "<group>"; };
		A0E1E3F7275ED35D008D0DC6 /* NetworkConnections.swift */ = {isa = PBXFileReference; lastKnownFileType = sourcecode.swift; path = NetworkConnections.swift; sourceTree = "<group>"; };
		A0E22EF1285CD60A003A411A /* CommonDirectories.swift */ = {isa = PBXFileReference; lastKnownFileType = sourcecode.swift; path = CommonDirectories.swift; sourceTree = "<group>"; };
		A0FAEEFD28B94B2C00AC655F /* LogParser.swift */ = {isa = PBXFileReference; lastKnownFileType = sourcecode.swift; path = LogParser.swift; sourceTree = "<group>"; };
		A0FD80F528C7F82400E91584 /* ProcessParser.swift */ = {isa = PBXFileReference; lastKnownFileType = sourcecode.swift; path = ProcessParser.swift; sourceTree = "<group>"; };
		A190FFCF28B8084F00B9EF9A /* AftermathTests.swift */ = {isa = PBXFileReference; lastKnownFileType = sourcecode.swift; path = AftermathTests.swift; sourceTree = "<group>"; };
		A190FFD228B8094600B9EF9A /* XCTest.framework */ = {isa = PBXFileReference; lastKnownFileType = wrapper.framework; name = XCTest.framework; path = Platforms/MacOSX.platform/Developer/Library/Frameworks/XCTest.framework; sourceTree = DEVELOPER_DIR; };
		A190FFD528B80C3900B9EF9A /* MockFileManager.swift */ = {isa = PBXFileReference; lastKnownFileType = sourcecode.swift; path = MockFileManager.swift; sourceTree = "<group>"; };
		A190FFDB28B8151300B9EF9A /* tests.xctest */ = {isa = PBXFileReference; explicitFileType = wrapper.cfbundle; includeInIndex = 0; path = tests.xctest; sourceTree = BUILT_PRODUCTS_DIR; };
		A1E433E428B9270800E2B510 /* dummyPlist.plist */ = {isa = PBXFileReference; lastKnownFileType = text.plist.xml; path = dummyPlist.plist; sourceTree = "<group>"; };
		A3046F8D27627DAC0069AA21 /* Module.swift */ = {isa = PBXFileReference; lastKnownFileType = sourcecode.swift; path = Module.swift; sourceTree = "<group>"; };
		A3046F8F2763AE5E0069AA21 /* CaseFiles.swift */ = {isa = PBXFileReference; lastKnownFileType = sourcecode.swift; path = CaseFiles.swift; sourceTree = "<group>"; };
		A31009A32B9B838100068593 /* Network.swift */ = {isa = PBXFileReference; lastKnownFileType = sourcecode.swift; path = Network.swift; sourceTree = "<group>"; };
		A31009A52B9B83E300068593 /* Node.swift */ = {isa = PBXFileReference; lastKnownFileType = sourcecode.swift; path = Node.swift; sourceTree = "<group>"; };
		A31009A72B9B845E00068593 /* Processes.swift */ = {isa = PBXFileReference; lastKnownFileType = sourcecode.swift; path = Processes.swift; sourceTree = "<group>"; };
		A3745357275730870074B65C /* LaunchItems.swift */ = {isa = PBXFileReference; lastKnownFileType = sourcecode.swift; path = LaunchItems.swift; sourceTree = "<group>"; };
		A3745359275735B40074B65C /* LoginHooks.swift */ = {isa = PBXFileReference; lastKnownFileType = sourcecode.swift; path = LoginHooks.swift; sourceTree = "<group>"; };
		A374535C2757C1300074B65C /* FileManager.swift */ = {isa = PBXFileReference; lastKnownFileType = sourcecode.swift; path = FileManager.swift; sourceTree = "<group>"; };
		A3A3A3CD274754B400F8F557 /* README.md */ = {isa = PBXFileReference; lastKnownFileType = net.daringfireball.markdown; path = README.md; sourceTree = "<group>"; };
		A3CD4E52274434EE00869ECB /* aftermath */ = {isa = PBXFileReference; explicitFileType = "compiled.mach-o.executable"; includeInIndex = 0; path = aftermath; sourceTree = BUILT_PRODUCTS_DIR; };
		A3CD4E55274434EE00869ECB /* Command.swift */ = {isa = PBXFileReference; lastKnownFileType = sourcecode.swift; path = Command.swift; sourceTree = "<group>"; };
/* End PBXFileReference section */

/* Begin PBXFrameworksBuildPhase section */
		A190FFD828B8151300B9EF9A /* Frameworks */ = {
			isa = PBXFrameworksBuildPhase;
			buildActionMask = 2147483647;
			files = (
			);
			runOnlyForDeploymentPostprocessing = 0;
		};
		A3CD4E4F274434EE00869ECB /* Frameworks */ = {
			isa = PBXFrameworksBuildPhase;
			buildActionMask = 2147483647;
			files = (
				A190FFD328B8094600B9EF9A /* XCTest.framework in Frameworks */,
				A0C930CF289852E80011FB87 /* ZIPFoundation in Frameworks */,
			);
			runOnlyForDeploymentPostprocessing = 0;
		};
/* End PBXFrameworksBuildPhase section */

/* Begin PBXGroup section */
		5E29FD712A2FB07E008D528F /* endpointSecurity */ = {
			isa = PBXGroup;
			children = (
				5E29FD722A2FB098008D528F /* ESModule.swift */,
				5E29FD742A2FB0EF008D528F /* ESLogs.swift */,
			);
			path = endpointSecurity;
			sourceTree = "<group>";
		};
		70A44401275707800035F40E /* systemRecon */ = {
			isa = PBXGroup;
			children = (
				70A44402275707A90035F40E /* SystemReconModule.swift */,
			);
			path = systemRecon;
			sourceTree = "<group>";
		};
		8ABB9E2927568E9000C0ADD7 /* unifiedlogs */ = {
			isa = PBXGroup;
			children = (
				8ABB9E2A27568EB700C0ADD7 /* UnifiedLogModule.swift */,
			);
			path = unifiedlogs;
			sourceTree = "<group>";
		};
		A02509F228ADB1930030D6A7 /* helpers */ = {
			isa = PBXGroup;
			children = (
				A02509F328ADB1A80030D6A7 /* CHelpers.swift */,
			);
			path = helpers;
			sourceTree = "<group>";
		};
		A029AB1128769F6C00649701 /* libs */ = {
			isa = PBXGroup;
			children = (
				A029AB2C2877F53F00649701 /* ProcLib */,
				A029AB272877F4C700649701 /* launchdXPC */,
			);
			path = libs;
			sourceTree = "<group>";
		};
		A029AB132876A01300649701 /* processes */ = {
			isa = PBXGroup;
			children = (
				A029AB142876A02800649701 /* ProcessModule.swift */,
				A029AB182876A29600649701 /* Pids.swift */,
				A31009A32B9B838100068593 /* Network.swift */,
				A31009A52B9B83E300068593 /* Node.swift */,
				A31009A72B9B845E00068593 /* Processes.swift */,
			);
			path = processes;
			sourceTree = "<group>";
		};
		A029AB272877F4C700649701 /* launchdXPC */ = {
			isa = PBXGroup;
			children = (
				A029AB282877F4F400649701 /* module.modulemap */,
				A029AB292877F50900649701 /* launchdXPC.h */,
				A029AB2A2877F52D00649701 /* launchdXPC.m */,
			);
			path = launchdXPC;
			sourceTree = "<group>";
		};
		A029AB2C2877F53F00649701 /* ProcLib */ = {
			isa = PBXGroup;
			children = (
				A029AB2D2877F55600649701 /* module.modulemap */,
				A029AB2E2877F56E00649701 /* ProcLib.h */,
			);
			path = ProcLib;
			sourceTree = "<group>";
		};
		A076742D2755797800ED7066 /* artifacts */ = {
			isa = PBXGroup;
			children = (
				A076742E2755798F00ED7066 /* ArtifactsModule.swift */,
				A0879956275AD2DC00E885BC /* SystemConfig.swift */,
				A0759134275985170006766F /* TCC.swift */,
				70A44404275A76990035F40E /* LSQuarantine.swift */,
				70CF9E3927611C6100FD884B /* ShellHistoryAndProfiles.swift */,
				A08342D7284E48FC005E437A /* LogFiles.swift */,
				5E494474293D50FE007FFBDD /* ConfigurationProfiles.swift */,
				5EA438FE2A7010FF00F3E2B9 /* XProtectBehavioralService.swift */,
			);
			path = artifacts;
			sourceTree = "<group>";
		};
		A0776CAC27482FF2007D18D8 /* persistence */ = {
			isa = PBXGroup;
			children = (
				A076742B27555FC100ED7066 /* PersistenceModule.swift */,
				A3745357275730870074B65C /* LaunchItems.swift */,
				A3745359275735B40074B65C /* LoginHooks.swift */,
				A0D6D54227F76C58002BB3C8 /* Cron.swift */,
				A0D6D54627FE147D002BB3C8 /* Overrides.swift */,
				A0D6D54827FE52C1002BB3C8 /* SystemExtensions.swift */,
				A09B239B2848F6050062D592 /* Periodic.swift */,
				A007834D28947D71008489EA /* Emond.swift */,
				A007834F28947E80008489EA /* LoginItems.swift */,
				5ECE5DC02ADF2B4A00939BB0 /* BTM.swift */,
			);
			path = persistence;
			sourceTree = "<group>";
		};
		A08342D4284A8211005E437A /* analysis */ = {
			isa = PBXGroup;
			children = (
				A08342D5284A8247005E437A /* AnalysisModule.swift */,
				A006B5A02882FBA70091FAA1 /* DatabaseParser.swift */,
				A0C930D328A4318F0011FB87 /* Timeline.swift */,
				A02509F028AD93DA0030D6A7 /* Storyline.swift */,
				A0FAEEFD28B94B2C00AC655F /* LogParser.swift */,
				A0FD80F528C7F82400E91584 /* ProcessParser.swift */,
			);
			path = analysis;
			sourceTree = "<group>";
		};
		A0E1E3E7275EC720008D0DC6 /* browsers */ = {
			isa = PBXGroup;
			children = (
				A0E1E3E8275EC736008D0DC6 /* BrowserModule.swift */,
				A0E1E3EA275EC800008D0DC6 /* Firefox.swift */,
				A0E1E3EC275EC809008D0DC6 /* Chrome.swift */,
				A0E1E3EE275EC810008D0DC6 /* Safari.swift */,
				5E6780F12922E7E800BAF04B /* Edge.swift */,
				5E4BC8FF29D75A8E0004DAA6 /* Arc.swift */,
				5EFDDCD62AC6661A00EEF193 /* Brave.swift */,
			);
			path = browsers;
			sourceTree = "<group>";
		};
		A0E1E3F4275ED2D6008D0DC6 /* network */ = {
			isa = PBXGroup;
			children = (
				A0E1E3F5275ED2E4008D0DC6 /* NetworkModule.swift */,
				A0E1E3F7275ED35D008D0DC6 /* NetworkConnections.swift */,
			);
			path = network;
			sourceTree = "<group>";
		};
		A0E1E3F9275ED4B7008D0DC6 /* filesystem */ = {
			isa = PBXGroup;
			children = (
				A0E1E3E7275EC720008D0DC6 /* browsers */,
				A05BF3BC284FF8C0009E197B /* FileSystemModule.swift */,
				A05BF3BE284FF8CF009E197B /* Slack.swift */,
				A0E22EF1285CD60A003A411A /* CommonDirectories.swift */,
				A0DA61AF28625E1D00224810 /* FileWalker.swift */,
			);
			path = filesystem;
			sourceTree = "<group>";
		};
		A190FFCD28B8080100B9EF9A /* tests */ = {
			isa = PBXGroup;
			children = (
				A1E433DE28B91E2C00E2B510 /* resources */,
				A190FFD428B80C2D00B9EF9A /* mocks */,
				A190FFCE28B8083600B9EF9A /* aftermath */,
			);
			path = tests;
			sourceTree = "<group>";
		};
		A190FFCE28B8083600B9EF9A /* aftermath */ = {
			isa = PBXGroup;
			children = (
				A190FFCF28B8084F00B9EF9A /* AftermathTests.swift */,
			);
			path = aftermath;
			sourceTree = "<group>";
		};
		A190FFD128B8094600B9EF9A /* Frameworks */ = {
			isa = PBXGroup;
			children = (
				A190FFD228B8094600B9EF9A /* XCTest.framework */,
			);
			name = Frameworks;
			sourceTree = "<group>";
		};
		A190FFD428B80C2D00B9EF9A /* mocks */ = {
			isa = PBXGroup;
			children = (
				A190FFD528B80C3900B9EF9A /* MockFileManager.swift */,
			);
			path = mocks;
			sourceTree = "<group>";
		};
		A1E433DE28B91E2C00E2B510 /* resources */ = {
			isa = PBXGroup;
			children = (
				A1E433E428B9270800E2B510 /* dummyPlist.plist */,
			);
			path = resources;
			sourceTree = "<group>";
		};
		A374535B2757C1110074B65C /* extensions */ = {
			isa = PBXGroup;
			children = (
				A374535C2757C1300074B65C /* FileManager.swift */,
				5E494472293AC914007FFBDD /* URL.swift */,
				5E93B0AD2941608D009D2AB5 /* Data.swift */,
				5E93B0AF294160B6009D2AB5 /* String.swift */,
			);
			path = extensions;
			sourceTree = "<group>";
		};
		A3CD4E49274434EE00869ECB = {
			isa = PBXGroup;
			children = (
				A190FFCD28B8080100B9EF9A /* tests */,
				A029AB1128769F6C00649701 /* libs */,
				A3CD4E54274434EE00869ECB /* aftermath */,
				A08342D4284A8211005E437A /* analysis */,
				A076742D2755797800ED7066 /* artifacts */,
				5E29FD712A2FB07E008D528F /* endpointSecurity */,
				A374535B2757C1110074B65C /* extensions */,
				A0E1E3F9275ED4B7008D0DC6 /* filesystem */,
				A02509F228ADB1930030D6A7 /* helpers */,
				A0E1E3F4275ED2D6008D0DC6 /* network */,
				A0776CAC27482FF2007D18D8 /* persistence */,
				A029AB132876A01300649701 /* processes */,
				70A44401275707800035F40E /* systemRecon */,
				8ABB9E2927568E9000C0ADD7 /* unifiedlogs */,
				A3A3A3CD274754B400F8F557 /* README.md */,
				A3CD4E53274434EE00869ECB /* Products */,
				A190FFD128B8094600B9EF9A /* Frameworks */,
			);
			sourceTree = "<group>";
		};
		A3CD4E53274434EE00869ECB /* Products */ = {
			isa = PBXGroup;
			children = (
				A3CD4E52274434EE00869ECB /* aftermath */,
				A190FFDB28B8151300B9EF9A /* tests.xctest */,
			);
			name = Products;
			sourceTree = "<group>";
		};
		A3CD4E54274434EE00869ECB /* aftermath */ = {
			isa = PBXGroup;
			children = (
				A3CD4E55274434EE00869ECB /* Command.swift */,
				8ABB9E302756D2B500C0ADD7 /* Aftermath.swift */,
				A3046F8D27627DAC0069AA21 /* Module.swift */,
				A3046F8F2763AE5E0069AA21 /* CaseFiles.swift */,
			);
			path = aftermath;
			sourceTree = "<group>";
		};
/* End PBXGroup section */

/* Begin PBXNativeTarget section */
		A190FFDA28B8151300B9EF9A /* tests */ = {
			isa = PBXNativeTarget;
			buildConfigurationList = A190FFDF28B8151300B9EF9A /* Build configuration list for PBXNativeTarget "tests" */;
			buildPhases = (
				A190FFD728B8151300B9EF9A /* Sources */,
				A190FFD828B8151300B9EF9A /* Frameworks */,
				A190FFD928B8151300B9EF9A /* Resources */,
			);
			buildRules = (
			);
			dependencies = (
			);
			name = tests;
			packageProductDependencies = (
			);
			productName = aftermathTests;
			productReference = A190FFDB28B8151300B9EF9A /* tests.xctest */;
			productType = "com.apple.product-type.bundle.unit-test";
		};
		A3CD4E51274434EE00869ECB /* aftermath */ = {
			isa = PBXNativeTarget;
			buildConfigurationList = A3CD4E59274434EE00869ECB /* Build configuration list for PBXNativeTarget "aftermath" */;
			buildPhases = (
				A3CD4E4E274434EE00869ECB /* Sources */,
				A3CD4E4F274434EE00869ECB /* Frameworks */,
				A3CD4E50274434EE00869ECB /* CopyFiles */,
			);
			buildRules = (
			);
			dependencies = (
			);
			name = aftermath;
			packageProductDependencies = (
				A0C930CE289852E80011FB87 /* ZIPFoundation */,
			);
			productName = aftermath;
			productReference = A3CD4E52274434EE00869ECB /* aftermath */;
			productType = "com.apple.product-type.tool";
		};
/* End PBXNativeTarget section */

/* Begin PBXProject section */
		A3CD4E4A274434EE00869ECB /* Project object */ = {
			isa = PBXProject;
			attributes = {
				BuildIndependentTargetsInParallel = 1;
				LastSwiftUpdateCheck = 1340;
				LastUpgradeCheck = 1430;
				TargetAttributes = {
					A190FFDA28B8151300B9EF9A = {
						CreatedOnToolsVersion = 13.4;
					};
					A3CD4E51274434EE00869ECB = {
						CreatedOnToolsVersion = 13.1;
						LastSwiftMigration = 1340;
					};
				};
			};
			buildConfigurationList = A3CD4E4D274434EE00869ECB /* Build configuration list for PBXProject "aftermath" */;
			compatibilityVersion = "Xcode 13.0";
			developmentRegion = en;
			hasScannedForEncodings = 0;
			knownRegions = (
				en,
				Base,
			);
			mainGroup = A3CD4E49274434EE00869ECB;
			packageReferences = (
				A0C930CD289852E80011FB87 /* XCRemoteSwiftPackageReference "ZIPFoundation" */,
			);
			productRefGroup = A3CD4E53274434EE00869ECB /* Products */;
			projectDirPath = "";
			projectRoot = "";
			targets = (
				A3CD4E51274434EE00869ECB /* aftermath */,
				A190FFDA28B8151300B9EF9A /* tests */,
			);
		};
/* End PBXProject section */

/* Begin PBXResourcesBuildPhase section */
		A190FFD928B8151300B9EF9A /* Resources */ = {
			isa = PBXResourcesBuildPhase;
			buildActionMask = 2147483647;
			files = (
				A1E433E528B9270800E2B510 /* dummyPlist.plist in Resources */,
			);
			runOnlyForDeploymentPostprocessing = 0;
		};
/* End PBXResourcesBuildPhase section */

/* Begin PBXSourcesBuildPhase section */
		A190FFD728B8151300B9EF9A /* Sources */ = {
			isa = PBXSourcesBuildPhase;
			buildActionMask = 2147483647;
			files = (
				A1E433D928B918FF00E2B510 /* Aftermath.swift in Sources */,
				A190FFE328B8168400B9EF9A /* AftermathTests.swift in Sources */,
				A190FFE228B8151F00B9EF9A /* MockFileManager.swift in Sources */,
			);
			runOnlyForDeploymentPostprocessing = 0;
		};
		A3CD4E4E274434EE00869ECB /* Sources */ = {
			isa = PBXSourcesBuildPhase;
			buildActionMask = 2147483647;
			files = (
				5EFDDCD72AC6661A00EEF193 /* Brave.swift in Sources */,
				A3CD4E56274434EE00869ECB /* Command.swift in Sources */,
				5E494475293D50FE007FFBDD /* ConfigurationProfiles.swift in Sources */,
				5E4BC90029D75A8E0004DAA6 /* Arc.swift in Sources */,
				A0C2E89728AAAE33008FA597 /* ProcLib.h in Sources */,
				A3745358275730870074B65C /* LaunchItems.swift in Sources */,
				A0FAEEFE28B94B2C00AC655F /* LogParser.swift in Sources */,
				A05BF3BD284FF8C0009E197B /* FileSystemModule.swift in Sources */,
				A0E22EF2285CD60A003A411A /* CommonDirectories.swift in Sources */,
				A3046F902763AE5E0069AA21 /* CaseFiles.swift in Sources */,
				A029AB152876A02800649701 /* ProcessModule.swift in Sources */,
				5E6780F22922E7E800BAF04B /* Edge.swift in Sources */,
				A007835028947E80008489EA /* LoginItems.swift in Sources */,
				A0C930D428A4318F0011FB87 /* Timeline.swift in Sources */,
				5ECE5DC12ADF2B4A00939BB0 /* BTM.swift in Sources */,
				A374535A275735B40074B65C /* LoginHooks.swift in Sources */,
				70CF9E3A27611C6100FD884B /* ShellHistoryAndProfiles.swift in Sources */,
				A0E1E3EB275EC800008D0DC6 /* Firefox.swift in Sources */,
				8ABB9E312756D2B500C0ADD7 /* Aftermath.swift in Sources */,
				A0E1E3F8275ED35D008D0DC6 /* NetworkConnections.swift in Sources */,
				5E93B0B0294160B6009D2AB5 /* String.swift in Sources */,
				A0E1E3E9275EC736008D0DC6 /* BrowserModule.swift in Sources */,
				A02509F428ADB1A80030D6A7 /* CHelpers.swift in Sources */,
				70A44403275707A90035F40E /* SystemReconModule.swift in Sources */,
				A029AB2B2877F52D00649701 /* launchdXPC.m in Sources */,
				A31009A42B9B838100068593 /* Network.swift in Sources */,
				A31009A82B9B845E00068593 /* Processes.swift in Sources */,
				A0E1E3EF275EC810008D0DC6 /* Safari.swift in Sources */,
				A006B5A12882FBA70091FAA1 /* DatabaseParser.swift in Sources */,
				70A44405275A76990035F40E /* LSQuarantine.swift in Sources */,
				A374535D2757C1300074B65C /* FileManager.swift in Sources */,
				A09B239C2848F6050062D592 /* Periodic.swift in Sources */,
				A0DA61B028625E1D00224810 /* FileWalker.swift in Sources */,
				A0E1E3ED275EC809008D0DC6 /* Chrome.swift in Sources */,
				A3046F8E27627DAC0069AA21 /* Module.swift in Sources */,
				8ABB9E2B27568EB700C0ADD7 /* UnifiedLogModule.swift in Sources */,
				5E93B0AE2941608D009D2AB5 /* Data.swift in Sources */,
				5EA438FF2A7010FF00F3E2B9 /* XProtectBehavioralService.swift in Sources */,
				A0879957275AD2DC00E885BC /* SystemConfig.swift in Sources */,
				A0FD80F628C7F82400E91584 /* ProcessParser.swift in Sources */,
				A05BF3BF284FF8CF009E197B /* Slack.swift in Sources */,
				5E29FD732A2FB098008D528F /* ESModule.swift in Sources */,
				5E494473293AC914007FFBDD /* URL.swift in Sources */,
				A007834E28947D71008489EA /* Emond.swift in Sources */,
				5E29FD752A2FB0EF008D528F /* ESLogs.swift in Sources */,
				A31009A62B9B83E300068593 /* Node.swift in Sources */,
				A076742F2755798F00ED7066 /* ArtifactsModule.swift in Sources */,
				A0759135275985170006766F /* TCC.swift in Sources */,
				A0E1E3F6275ED2E4008D0DC6 /* NetworkModule.swift in Sources */,
				A076742C27555FC100ED7066 /* PersistenceModule.swift in Sources */,
				A0D6D54727FE147D002BB3C8 /* Overrides.swift in Sources */,
				A0D6D54927FE52C1002BB3C8 /* SystemExtensions.swift in Sources */,
				A08342D6284A8247005E437A /* AnalysisModule.swift in Sources */,
				A029AB192876A29600649701 /* Pids.swift in Sources */,
				A08342D8284E48FC005E437A /* LogFiles.swift in Sources */,
				A0D6D54327F76C58002BB3C8 /* Cron.swift in Sources */,
				A02509F128AD93DA0030D6A7 /* Storyline.swift in Sources */,
			);
			runOnlyForDeploymentPostprocessing = 0;
		};
/* End PBXSourcesBuildPhase section */

/* Begin XCBuildConfiguration section */
		A190FFE028B8151300B9EF9A /* Debug */ = {
			isa = XCBuildConfiguration;
			buildSettings = {
				ALWAYS_EMBED_SWIFT_STANDARD_LIBRARIES = YES;
				CODE_SIGN_STYLE = Automatic;
				CURRENT_PROJECT_VERSION = 1;
				DEAD_CODE_STRIPPING = YES;
				DEVELOPMENT_TEAM = "";
				GENERATE_INFOPLIST_FILE = YES;
				MACOSX_DEPLOYMENT_TARGET = 12.3;
				MARKETING_VERSION = 1.0;
				PRODUCT_BUNDLE_IDENTIFIER = com.jamf.aftermath.aftermathTests;
				PRODUCT_NAME = "$(TARGET_NAME)";
				SWIFT_EMIT_LOC_STRINGS = NO;
				SWIFT_VERSION = 5.0;
			};
			name = Debug;
		};
		A190FFE128B8151300B9EF9A /* Release */ = {
			isa = XCBuildConfiguration;
			buildSettings = {
				ALWAYS_EMBED_SWIFT_STANDARD_LIBRARIES = YES;
				CODE_SIGN_STYLE = Automatic;
				CURRENT_PROJECT_VERSION = 1;
				DEAD_CODE_STRIPPING = YES;
				DEVELOPMENT_TEAM = "";
				GENERATE_INFOPLIST_FILE = YES;
				MACOSX_DEPLOYMENT_TARGET = 12.3;
				MARKETING_VERSION = 1.0;
				PRODUCT_BUNDLE_IDENTIFIER = com.jamf.aftermath.aftermathTests;
				PRODUCT_NAME = "$(TARGET_NAME)";
				SWIFT_EMIT_LOC_STRINGS = NO;
				SWIFT_VERSION = 5.0;
			};
			name = Release;
		};
		A3CD4E57274434EE00869ECB /* Debug */ = {
			isa = XCBuildConfiguration;
			buildSettings = {
				ALWAYS_SEARCH_USER_PATHS = NO;
				CLANG_ANALYZER_NONNULL = YES;
				CLANG_ANALYZER_NUMBER_OBJECT_CONVERSION = YES_AGGRESSIVE;
				CLANG_CXX_LANGUAGE_STANDARD = "gnu++17";
				CLANG_CXX_LIBRARY = "libc++";
				CLANG_ENABLE_MODULES = YES;
				CLANG_ENABLE_OBJC_ARC = YES;
				CLANG_ENABLE_OBJC_WEAK = YES;
				CLANG_WARN_BLOCK_CAPTURE_AUTORELEASING = YES;
				CLANG_WARN_BOOL_CONVERSION = YES;
				CLANG_WARN_COMMA = YES;
				CLANG_WARN_CONSTANT_CONVERSION = YES;
				CLANG_WARN_DEPRECATED_OBJC_IMPLEMENTATIONS = YES;
				CLANG_WARN_DIRECT_OBJC_ISA_USAGE = YES_ERROR;
				CLANG_WARN_DOCUMENTATION_COMMENTS = YES;
				CLANG_WARN_EMPTY_BODY = YES;
				CLANG_WARN_ENUM_CONVERSION = YES;
				CLANG_WARN_INFINITE_RECURSION = YES;
				CLANG_WARN_INT_CONVERSION = YES;
				CLANG_WARN_NON_LITERAL_NULL_CONVERSION = YES;
				CLANG_WARN_OBJC_IMPLICIT_RETAIN_SELF = YES;
				CLANG_WARN_OBJC_LITERAL_CONVERSION = YES;
				CLANG_WARN_OBJC_ROOT_CLASS = YES_ERROR;
				CLANG_WARN_QUOTED_INCLUDE_IN_FRAMEWORK_HEADER = YES;
				CLANG_WARN_RANGE_LOOP_ANALYSIS = YES;
				CLANG_WARN_STRICT_PROTOTYPES = YES;
				CLANG_WARN_SUSPICIOUS_MOVE = YES;
				CLANG_WARN_UNGUARDED_AVAILABILITY = YES_AGGRESSIVE;
				CLANG_WARN_UNREACHABLE_CODE = YES;
				CLANG_WARN__DUPLICATE_METHOD_MATCH = YES;
				CODE_SIGN_INJECT_BASE_ENTITLEMENTS = YES;
				COPY_PHASE_STRIP = NO;
				DEAD_CODE_STRIPPING = YES;
				DEBUG_INFORMATION_FORMAT = dwarf;
				ENABLE_HARDENED_RUNTIME = YES;
				ENABLE_STRICT_OBJC_MSGSEND = YES;
				ENABLE_TESTABILITY = YES;
				GCC_C_LANGUAGE_STANDARD = gnu11;
				GCC_DYNAMIC_NO_PIC = NO;
				GCC_NO_COMMON_BLOCKS = YES;
				GCC_OPTIMIZATION_LEVEL = 0;
				GCC_PREPROCESSOR_DEFINITIONS = (
					"DEBUG=1",
					"$(inherited)",
				);
				GCC_WARN_64_TO_32_BIT_CONVERSION = YES;
				GCC_WARN_ABOUT_RETURN_TYPE = YES_ERROR;
				GCC_WARN_UNDECLARED_SELECTOR = YES;
				GCC_WARN_UNINITIALIZED_AUTOS = YES_AGGRESSIVE;
				GCC_WARN_UNUSED_FUNCTION = YES;
				GCC_WARN_UNUSED_VARIABLE = YES;
				LD_RUNPATH_SEARCH_PATHS = /Applications/Xcode.app/Contents/Developer/Library/Frameworks/;
				MACOSX_DEPLOYMENT_TARGET = 12.0;
				MTL_ENABLE_DEBUG_INFO = INCLUDE_SOURCE;
				MTL_FAST_MATH = YES;
				ONLY_ACTIVE_ARCH = YES;
				SDKROOT = macosx;
				SWIFT_ACTIVE_COMPILATION_CONDITIONS = DEBUG;
				SWIFT_OPTIMIZATION_LEVEL = "-Onone";
			};
			name = Debug;
		};
		A3CD4E58274434EE00869ECB /* Release */ = {
			isa = XCBuildConfiguration;
			buildSettings = {
				ALWAYS_SEARCH_USER_PATHS = NO;
				CLANG_ANALYZER_NONNULL = YES;
				CLANG_ANALYZER_NUMBER_OBJECT_CONVERSION = YES_AGGRESSIVE;
				CLANG_CXX_LANGUAGE_STANDARD = "gnu++17";
				CLANG_CXX_LIBRARY = "libc++";
				CLANG_ENABLE_MODULES = YES;
				CLANG_ENABLE_OBJC_ARC = YES;
				CLANG_ENABLE_OBJC_WEAK = YES;
				CLANG_WARN_BLOCK_CAPTURE_AUTORELEASING = YES;
				CLANG_WARN_BOOL_CONVERSION = YES;
				CLANG_WARN_COMMA = YES;
				CLANG_WARN_CONSTANT_CONVERSION = YES;
				CLANG_WARN_DEPRECATED_OBJC_IMPLEMENTATIONS = YES;
				CLANG_WARN_DIRECT_OBJC_ISA_USAGE = YES_ERROR;
				CLANG_WARN_DOCUMENTATION_COMMENTS = YES;
				CLANG_WARN_EMPTY_BODY = YES;
				CLANG_WARN_ENUM_CONVERSION = YES;
				CLANG_WARN_INFINITE_RECURSION = YES;
				CLANG_WARN_INT_CONVERSION = YES;
				CLANG_WARN_NON_LITERAL_NULL_CONVERSION = YES;
				CLANG_WARN_OBJC_IMPLICIT_RETAIN_SELF = YES;
				CLANG_WARN_OBJC_LITERAL_CONVERSION = YES;
				CLANG_WARN_OBJC_ROOT_CLASS = YES_ERROR;
				CLANG_WARN_QUOTED_INCLUDE_IN_FRAMEWORK_HEADER = YES;
				CLANG_WARN_RANGE_LOOP_ANALYSIS = YES;
				CLANG_WARN_STRICT_PROTOTYPES = YES;
				CLANG_WARN_SUSPICIOUS_MOVE = YES;
				CLANG_WARN_UNGUARDED_AVAILABILITY = YES_AGGRESSIVE;
				CLANG_WARN_UNREACHABLE_CODE = YES;
				CLANG_WARN__DUPLICATE_METHOD_MATCH = YES;
				CODE_SIGN_INJECT_BASE_ENTITLEMENTS = YES;
				COPY_PHASE_STRIP = NO;
				DEAD_CODE_STRIPPING = YES;
				DEBUG_INFORMATION_FORMAT = "dwarf-with-dsym";
				ENABLE_HARDENED_RUNTIME = YES;
				ENABLE_NS_ASSERTIONS = NO;
				ENABLE_STRICT_OBJC_MSGSEND = YES;
				GCC_C_LANGUAGE_STANDARD = gnu11;
				GCC_NO_COMMON_BLOCKS = YES;
				GCC_WARN_64_TO_32_BIT_CONVERSION = YES;
				GCC_WARN_ABOUT_RETURN_TYPE = YES_ERROR;
				GCC_WARN_UNDECLARED_SELECTOR = YES;
				GCC_WARN_UNINITIALIZED_AUTOS = YES_AGGRESSIVE;
				GCC_WARN_UNUSED_FUNCTION = YES;
				GCC_WARN_UNUSED_VARIABLE = YES;
				LD_RUNPATH_SEARCH_PATHS = /Applications/Xcode.app/Contents/Developer/Library/Frameworks/;
				MACOSX_DEPLOYMENT_TARGET = 12.0;
				MTL_ENABLE_DEBUG_INFO = NO;
				MTL_FAST_MATH = YES;
				SDKROOT = macosx;
				SWIFT_COMPILATION_MODE = wholemodule;
				SWIFT_OPTIMIZATION_LEVEL = "-O";
			};
			name = Release;
		};
		A3CD4E5A274434EE00869ECB /* Debug */ = {
			isa = XCBuildConfiguration;
			buildSettings = {
				ARCHS = "$(ARCHS_STANDARD)";
				CLANG_ENABLE_MODULES = YES;
				CODE_SIGN_IDENTITY = "Apple Development";
				"CODE_SIGN_IDENTITY[sdk=macosx*]" = "Developer ID Application";
				CODE_SIGN_INJECT_BASE_ENTITLEMENTS = YES;
				CODE_SIGN_STYLE = Manual;
				DEAD_CODE_STRIPPING = YES;
				DEVELOPMENT_TEAM = "";
				"DEVELOPMENT_TEAM[sdk=macosx*]" = C793NB2B2B;
				ENABLE_HARDENED_RUNTIME = YES;
				LD_RUNPATH_SEARCH_PATHS = (
					"$(inherited)",
					"@executable_path/../Frameworks",
					"@loader_path/../Frameworks",
				);
				MACH_O_TYPE = mh_execute;
				NEW_SETTING = "";
				ONLY_ACTIVE_ARCH = YES;
				PRODUCT_BUNDLE_IDENTIFIER = com.jamf.aftermath;
				PRODUCT_NAME = "$(TARGET_NAME)";
				PROVISIONING_PROFILE_SPECIFIER = "";
				SWIFT_INCLUDE_PATHS = "$(SRCROOT) $(SRCROOT)/libs/ProcLib $(SRCROOT)/libs/launchdXPC";
				SWIFT_OPTIMIZATION_LEVEL = "-Onone";
				SWIFT_VERSION = 5.0;
			};
			name = Debug;
		};
		A3CD4E5B274434EE00869ECB /* Release */ = {
			isa = XCBuildConfiguration;
			buildSettings = {
				ARCHS = "$(ARCHS_STANDARD)";
				CLANG_ENABLE_MODULES = YES;
				CODE_SIGN_IDENTITY = "Apple Development";
				"CODE_SIGN_IDENTITY[sdk=macosx*]" = "Developer ID Application";
				CODE_SIGN_INJECT_BASE_ENTITLEMENTS = YES;
				CODE_SIGN_STYLE = Manual;
				DEAD_CODE_STRIPPING = YES;
				DEVELOPMENT_TEAM = "";
				"DEVELOPMENT_TEAM[sdk=macosx*]" = C793NB2B2B;
				ENABLE_HARDENED_RUNTIME = YES;
				LD_RUNPATH_SEARCH_PATHS = (
					"$(inherited)",
					"@executable_path/../Frameworks",
					"@loader_path/../Frameworks",
				);
				MACH_O_TYPE = mh_execute;
				NEW_SETTING = "";
				ONLY_ACTIVE_ARCH = NO;
				PRODUCT_BUNDLE_IDENTIFIER = com.jamf.aftermath;
				PRODUCT_NAME = "$(TARGET_NAME)";
				PROVISIONING_PROFILE_SPECIFIER = "";
				SWIFT_INCLUDE_PATHS = "$(SRCROOT) $(SRCROOT)/libs/ProcLib $(SRCROOT)/libs/launchdXPC";
				SWIFT_VERSION = 5.0;
			};
			name = Release;
		};
/* End XCBuildConfiguration section */

/* Begin XCConfigurationList section */
		A190FFDF28B8151300B9EF9A /* Build configuration list for PBXNativeTarget "tests" */ = {
			isa = XCConfigurationList;
			buildConfigurations = (
				A190FFE028B8151300B9EF9A /* Debug */,
				A190FFE128B8151300B9EF9A /* Release */,
			);
			defaultConfigurationIsVisible = 0;
			defaultConfigurationName = Release;
		};
		A3CD4E4D274434EE00869ECB /* Build configuration list for PBXProject "aftermath" */ = {
			isa = XCConfigurationList;
			buildConfigurations = (
				A3CD4E57274434EE00869ECB /* Debug */,
				A3CD4E58274434EE00869ECB /* Release */,
			);
			defaultConfigurationIsVisible = 0;
			defaultConfigurationName = Release;
		};
		A3CD4E59274434EE00869ECB /* Build configuration list for PBXNativeTarget "aftermath" */ = {
			isa = XCConfigurationList;
			buildConfigurations = (
				A3CD4E5A274434EE00869ECB /* Debug */,
				A3CD4E5B274434EE00869ECB /* Release */,
			);
			defaultConfigurationIsVisible = 0;
			defaultConfigurationName = Release;
		};
/* End XCConfigurationList section */

/* Begin XCRemoteSwiftPackageReference section */
		A0C930CD289852E80011FB87 /* XCRemoteSwiftPackageReference "ZIPFoundation" */ = {
			isa = XCRemoteSwiftPackageReference;
			repositoryURL = "https://github.com/weichsel/ZIPFoundation";
			requirement = {
				kind = exactVersion;
				version = 0.9.18;
			};
		};
/* End XCRemoteSwiftPackageReference section */

/* Begin XCSwiftPackageProductDependency section */
		A0C930CE289852E80011FB87 /* ZIPFoundation */ = {
			isa = XCSwiftPackageProductDependency;
			package = A0C930CD289852E80011FB87 /* XCRemoteSwiftPackageReference "ZIPFoundation" */;
			productName = ZIPFoundation;
		};
/* End XCSwiftPackageProductDependency section */
	};
	rootObject = A3CD4E4A274434EE00869ECB /* Project object */;
}
