// !$*UTF8*$!
{
	archiveVersion = 1;
	classes = {
	};
	objectVersion = 55;
	objects = {

/* Begin PBXBuildFile section */
		70A44403275707A90035F40E /* SystemReconModule.swift in Sources */ = {isa = PBXBuildFile; fileRef = 70A44402275707A90035F40E /* SystemReconModule.swift */; };
		70A44405275A76990035F40E /* LSQuarantine.swift in Sources */ = {isa = PBXBuildFile; fileRef = 70A44404275A76990035F40E /* LSQuarantine.swift */; };
		70CF9E3A27611C6100FD884B /* ShellHistoryAndProfiles.swift in Sources */ = {isa = PBXBuildFile; fileRef = 70CF9E3927611C6100FD884B /* ShellHistoryAndProfiles.swift */; };
		8ABB9E2B27568EB700C0ADD7 /* UnifiedLogModule.swift in Sources */ = {isa = PBXBuildFile; fileRef = 8ABB9E2A27568EB700C0ADD7 /* UnifiedLogModule.swift */; };
		8ABB9E312756D2B500C0ADD7 /* Aftermath.swift in Sources */ = {isa = PBXBuildFile; fileRef = 8ABB9E302756D2B500C0ADD7 /* Aftermath.swift */; };
		A0759135275985170006766F /* TCC.swift in Sources */ = {isa = PBXBuildFile; fileRef = A0759134275985170006766F /* TCC.swift */; };
		A076742C27555FC100ED7066 /* PersistenceModule.swift in Sources */ = {isa = PBXBuildFile; fileRef = A076742B27555FC100ED7066 /* PersistenceModule.swift */; };
		A076742F2755798F00ED7066 /* ArtifactsModule.swift in Sources */ = {isa = PBXBuildFile; fileRef = A076742E2755798F00ED7066 /* ArtifactsModule.swift */; };
		A0879957275AD2DC00E885BC /* SystemConfig.swift in Sources */ = {isa = PBXBuildFile; fileRef = A0879956275AD2DC00E885BC /* SystemConfig.swift */; };
		A0E1E3E4275EC3D2008D0DC6 /* Swap.swift in Sources */ = {isa = PBXBuildFile; fileRef = A0E1E3E3275EC3D2008D0DC6 /* Swap.swift */; };
		A0E1E3E6275EC433008D0DC6 /* MemoryModule.swift in Sources */ = {isa = PBXBuildFile; fileRef = A0E1E3E5275EC433008D0DC6 /* MemoryModule.swift */; };
		A0E1E3E9275EC736008D0DC6 /* BrowserModule.swift in Sources */ = {isa = PBXBuildFile; fileRef = A0E1E3E8275EC736008D0DC6 /* BrowserModule.swift */; };
		A0E1E3EB275EC800008D0DC6 /* Firefox.swift in Sources */ = {isa = PBXBuildFile; fileRef = A0E1E3EA275EC800008D0DC6 /* Firefox.swift */; };
		A0E1E3ED275EC809008D0DC6 /* Chrome.swift in Sources */ = {isa = PBXBuildFile; fileRef = A0E1E3EC275EC809008D0DC6 /* Chrome.swift */; };
		A0E1E3EF275EC810008D0DC6 /* Safari.swift in Sources */ = {isa = PBXBuildFile; fileRef = A0E1E3EE275EC810008D0DC6 /* Safari.swift */; };
		A0E1E3F1275EC818008D0DC6 /* Opera.swift in Sources */ = {isa = PBXBuildFile; fileRef = A0E1E3F0275EC818008D0DC6 /* Opera.swift */; };
		A0E1E3F3275EC81F008D0DC6 /* Brave.swift in Sources */ = {isa = PBXBuildFile; fileRef = A0E1E3F2275EC81F008D0DC6 /* Brave.swift */; };
		A0E1E3F6275ED2E4008D0DC6 /* NetworkModule.swift in Sources */ = {isa = PBXBuildFile; fileRef = A0E1E3F5275ED2E4008D0DC6 /* NetworkModule.swift */; };
		A0E1E3F8275ED35D008D0DC6 /* Airport.swift in Sources */ = {isa = PBXBuildFile; fileRef = A0E1E3F7275ED35D008D0DC6 /* Airport.swift */; };
		A3046F8E27627DAC0069AA21 /* Module.swift in Sources */ = {isa = PBXBuildFile; fileRef = A3046F8D27627DAC0069AA21 /* Module.swift */; };
		A3046F902763AE5E0069AA21 /* CaseFiles.swift in Sources */ = {isa = PBXBuildFile; fileRef = A3046F8F2763AE5E0069AA21 /* CaseFiles.swift */; };
		A3745358275730870074B65C /* LaunchItems.swift in Sources */ = {isa = PBXBuildFile; fileRef = A3745357275730870074B65C /* LaunchItems.swift */; };
		A374535A275735B40074B65C /* LoginHooks.swift in Sources */ = {isa = PBXBuildFile; fileRef = A3745359275735B40074B65C /* LoginHooks.swift */; };
		A374535D2757C1300074B65C /* FileManager.swift in Sources */ = {isa = PBXBuildFile; fileRef = A374535C2757C1300074B65C /* FileManager.swift */; };
		A3A3A3CC27472CD900F8F557 /* ArgManager.swift in Sources */ = {isa = PBXBuildFile; fileRef = A3A3A3CB27472CD900F8F557 /* ArgManager.swift */; };
		A3CD4E56274434EE00869ECB /* main.swift in Sources */ = {isa = PBXBuildFile; fileRef = A3CD4E55274434EE00869ECB /* main.swift */; };
/* End PBXBuildFile section */

/* Begin PBXCopyFilesBuildPhase section */
		A3CD4E50274434EE00869ECB /* CopyFiles */ = {
			isa = PBXCopyFilesBuildPhase;
			buildActionMask = 2147483647;
			dstPath = /usr/share/man/man1/;
			dstSubfolderSpec = 0;
			files = (
			);
			runOnlyForDeploymentPostprocessing = 1;
		};
/* End PBXCopyFilesBuildPhase section */

/* Begin PBXFileReference section */
		70A44402275707A90035F40E /* SystemReconModule.swift */ = {isa = PBXFileReference; lastKnownFileType = sourcecode.swift; path = SystemReconModule.swift; sourceTree = "<group>"; };
		70A44404275A76990035F40E /* LSQuarantine.swift */ = {isa = PBXFileReference; lastKnownFileType = sourcecode.swift; path = LSQuarantine.swift; sourceTree = "<group>"; };
		70CF9E3927611C6100FD884B /* ShellHistoryAndProfiles.swift */ = {isa = PBXFileReference; lastKnownFileType = sourcecode.swift; path = ShellHistoryAndProfiles.swift; sourceTree = "<group>"; };
		8ABB9E2A27568EB700C0ADD7 /* UnifiedLogModule.swift */ = {isa = PBXFileReference; lastKnownFileType = sourcecode.swift; path = UnifiedLogModule.swift; sourceTree = "<group>"; };
		8ABB9E302756D2B500C0ADD7 /* Aftermath.swift */ = {isa = PBXFileReference; lastKnownFileType = sourcecode.swift; path = Aftermath.swift; sourceTree = "<group>"; };
		A0759134275985170006766F /* TCC.swift */ = {isa = PBXFileReference; lastKnownFileType = sourcecode.swift; path = TCC.swift; sourceTree = "<group>"; };
		A076742B27555FC100ED7066 /* PersistenceModule.swift */ = {isa = PBXFileReference; fileEncoding = 4; lastKnownFileType = sourcecode.swift; path = PersistenceModule.swift; sourceTree = "<group>"; };
		A076742E2755798F00ED7066 /* ArtifactsModule.swift */ = {isa = PBXFileReference; lastKnownFileType = sourcecode.swift; path = ArtifactsModule.swift; sourceTree = "<group>"; };
		A0879956275AD2DC00E885BC /* SystemConfig.swift */ = {isa = PBXFileReference; fileEncoding = 4; lastKnownFileType = sourcecode.swift; path = SystemConfig.swift; sourceTree = "<group>"; };
		A0E1E3E3275EC3D2008D0DC6 /* Swap.swift */ = {isa = PBXFileReference; lastKnownFileType = sourcecode.swift; path = Swap.swift; sourceTree = "<group>"; };
		A0E1E3E5275EC433008D0DC6 /* MemoryModule.swift */ = {isa = PBXFileReference; lastKnownFileType = sourcecode.swift; path = MemoryModule.swift; sourceTree = "<group>"; };
		A0E1E3E8275EC736008D0DC6 /* BrowserModule.swift */ = {isa = PBXFileReference; lastKnownFileType = sourcecode.swift; path = BrowserModule.swift; sourceTree = "<group>"; };
		A0E1E3EA275EC800008D0DC6 /* Firefox.swift */ = {isa = PBXFileReference; lastKnownFileType = sourcecode.swift; path = Firefox.swift; sourceTree = "<group>"; };
		A0E1E3EC275EC809008D0DC6 /* Chrome.swift */ = {isa = PBXFileReference; lastKnownFileType = sourcecode.swift; path = Chrome.swift; sourceTree = "<group>"; };
		A0E1E3EE275EC810008D0DC6 /* Safari.swift */ = {isa = PBXFileReference; lastKnownFileType = sourcecode.swift; path = Safari.swift; sourceTree = "<group>"; };
		A0E1E3F0275EC818008D0DC6 /* Opera.swift */ = {isa = PBXFileReference; lastKnownFileType = sourcecode.swift; path = Opera.swift; sourceTree = "<group>"; };
		A0E1E3F2275EC81F008D0DC6 /* Brave.swift */ = {isa = PBXFileReference; lastKnownFileType = sourcecode.swift; path = Brave.swift; sourceTree = "<group>"; };
		A0E1E3F5275ED2E4008D0DC6 /* NetworkModule.swift */ = {isa = PBXFileReference; lastKnownFileType = sourcecode.swift; path = NetworkModule.swift; sourceTree = "<group>"; };
		A0E1E3F7275ED35D008D0DC6 /* Airport.swift */ = {isa = PBXFileReference; lastKnownFileType = sourcecode.swift; path = Airport.swift; sourceTree = "<group>"; };
		A3046F8D27627DAC0069AA21 /* Module.swift */ = {isa = PBXFileReference; lastKnownFileType = sourcecode.swift; path = Module.swift; sourceTree = "<group>"; };
		A3046F8F2763AE5E0069AA21 /* CaseFiles.swift */ = {isa = PBXFileReference; lastKnownFileType = sourcecode.swift; path = CaseFiles.swift; sourceTree = "<group>"; };
		A3745357275730870074B65C /* LaunchItems.swift */ = {isa = PBXFileReference; lastKnownFileType = sourcecode.swift; path = LaunchItems.swift; sourceTree = "<group>"; };
		A3745359275735B40074B65C /* LoginHooks.swift */ = {isa = PBXFileReference; lastKnownFileType = sourcecode.swift; path = LoginHooks.swift; sourceTree = "<group>"; };
		A374535C2757C1300074B65C /* FileManager.swift */ = {isa = PBXFileReference; lastKnownFileType = sourcecode.swift; path = FileManager.swift; sourceTree = "<group>"; };
		A3A3A3CB27472CD900F8F557 /* ArgManager.swift */ = {isa = PBXFileReference; lastKnownFileType = sourcecode.swift; path = ArgManager.swift; sourceTree = "<group>"; };
		A3A3A3CD274754B400F8F557 /* Readme.md */ = {isa = PBXFileReference; lastKnownFileType = net.daringfireball.markdown; path = Readme.md; sourceTree = "<group>"; };
		A3CD4E52274434EE00869ECB /* aftermath */ = {isa = PBXFileReference; explicitFileType = "compiled.mach-o.executable"; includeInIndex = 0; path = aftermath; sourceTree = BUILT_PRODUCTS_DIR; };
		A3CD4E55274434EE00869ECB /* main.swift */ = {isa = PBXFileReference; lastKnownFileType = sourcecode.swift; path = main.swift; sourceTree = "<group>"; };
/* End PBXFileReference section */

/* Begin PBXFrameworksBuildPhase section */
		A3CD4E4F274434EE00869ECB /* Frameworks */ = {
			isa = PBXFrameworksBuildPhase;
			buildActionMask = 2147483647;
			files = (
			);
			runOnlyForDeploymentPostprocessing = 0;
		};
/* End PBXFrameworksBuildPhase section */

/* Begin PBXGroup section */
		70A44401275707800035F40E /* systemRecon */ = {
			isa = PBXGroup;
			children = (
				70A44402275707A90035F40E /* SystemReconModule.swift */,
			);
			path = systemRecon;
			sourceTree = "<group>";
		};
		8ABB9E2927568E9000C0ADD7 /* unifiedlogs */ = {
			isa = PBXGroup;
			children = (
				8ABB9E2A27568EB700C0ADD7 /* UnifiedLogModule.swift */,
			);
			path = unifiedlogs;
			sourceTree = "<group>";
		};
		A076742D2755797800ED7066 /* artifacts */ = {
			isa = PBXGroup;
			children = (
				A076742E2755798F00ED7066 /* ArtifactsModule.swift */,
				A0879956275AD2DC00E885BC /* SystemConfig.swift */,
				A0759134275985170006766F /* TCC.swift */,
				70A44404275A76990035F40E /* LSQuarantine.swift */,
				70CF9E3927611C6100FD884B /* ShellHistoryAndProfiles.swift */,
			);
			path = artifacts;
			sourceTree = "<group>";
		};
		A0776CAC27482FF2007D18D8 /* persistence */ = {
			isa = PBXGroup;
			children = (
				A076742B27555FC100ED7066 /* PersistenceModule.swift */,
				A3745357275730870074B65C /* LaunchItems.swift */,
				A3745359275735B40074B65C /* LoginHooks.swift */,
			);
			path = persistence;
			sourceTree = "<group>";
		};
		A0E1E3E2275EBBED008D0DC6 /* memoryDump */ = {
			isa = PBXGroup;
			children = (
				A0E1E3E3275EC3D2008D0DC6 /* Swap.swift */,
				A0E1E3E5275EC433008D0DC6 /* MemoryModule.swift */,
			);
			path = memoryDump;
			sourceTree = "<group>";
		};
		A0E1E3E7275EC720008D0DC6 /* browsers */ = {
			isa = PBXGroup;
			children = (
				A0E1E3E8275EC736008D0DC6 /* BrowserModule.swift */,
				A0E1E3EA275EC800008D0DC6 /* Firefox.swift */,
				A0E1E3EC275EC809008D0DC6 /* Chrome.swift */,
				A0E1E3EE275EC810008D0DC6 /* Safari.swift */,
				A0E1E3F0275EC818008D0DC6 /* Opera.swift */,
				A0E1E3F2275EC81F008D0DC6 /* Brave.swift */,
			);
			path = browsers;
			sourceTree = "<group>";
		};
		A0E1E3F4275ED2D6008D0DC6 /* network */ = {
			isa = PBXGroup;
			children = (
				A0E1E3F5275ED2E4008D0DC6 /* NetworkModule.swift */,
				A0E1E3F7275ED35D008D0DC6 /* Airport.swift */,
			);
			path = network;
			sourceTree = "<group>";
		};
		A0E1E3F9275ED4B7008D0DC6 /* filesystem */ = {
			isa = PBXGroup;
			children = (
				A0E1E3E7275EC720008D0DC6 /* browsers */,
			);
			path = filesystem;
			sourceTree = "<group>";
		};
		A374535B2757C1110074B65C /* extensions */ = {
			isa = PBXGroup;
			children = (
				A374535C2757C1300074B65C /* FileManager.swift */,
			);
			path = extensions;
			sourceTree = "<group>";
		};
		A3CD4E49274434EE00869ECB = {
			isa = PBXGroup;
			children = (
				A0E1E3F9275ED4B7008D0DC6 /* filesystem */,
				A0E1E3F4275ED2D6008D0DC6 /* network */,
				A0E1E3E2275EBBED008D0DC6 /* memoryDump */,
				A374535B2757C1110074B65C /* extensions */,
				70A44401275707800035F40E /* systemRecon */,
				8ABB9E2927568E9000C0ADD7 /* unifiedlogs */,
				A076742D2755797800ED7066 /* artifacts */,
				A0776CAC27482FF2007D18D8 /* persistence */,
				A3CD4E54274434EE00869ECB /* aftermath */,
				A3A3A3CD274754B400F8F557 /* Readme.md */,
				A3CD4E53274434EE00869ECB /* Products */,
			);
			sourceTree = "<group>";
		};
		A3CD4E53274434EE00869ECB /* Products */ = {
			isa = PBXGroup;
			children = (
				A3CD4E52274434EE00869ECB /* aftermath */,
			);
			name = Products;
			sourceTree = "<group>";
		};
		A3CD4E54274434EE00869ECB /* aftermath */ = {
			isa = PBXGroup;
			children = (
				A3CD4E55274434EE00869ECB /* main.swift */,
				A3A3A3CB27472CD900F8F557 /* ArgManager.swift */,
				8ABB9E302756D2B500C0ADD7 /* Aftermath.swift */,
				A3046F8D27627DAC0069AA21 /* Module.swift */,
				A3046F8F2763AE5E0069AA21 /* CaseFiles.swift */,
			);
			path = aftermath;
			sourceTree = "<group>";
		};
/* End PBXGroup section */

/* Begin PBXNativeTarget section */
		A3CD4E51274434EE00869ECB /* aftermath */ = {
			isa = PBXNativeTarget;
			buildConfigurationList = A3CD4E59274434EE00869ECB /* Build configuration list for PBXNativeTarget "aftermath" */;
			buildPhases = (
				A3CD4E4E274434EE00869ECB /* Sources */,
				A3CD4E4F274434EE00869ECB /* Frameworks */,
				A3CD4E50274434EE00869ECB /* CopyFiles */,
			);
			buildRules = (
			);
			dependencies = (
			);
			name = aftermath;
			productName = aftermath;
			productReference = A3CD4E52274434EE00869ECB /* aftermath */;
			productType = "com.apple.product-type.tool";
		};
/* End PBXNativeTarget section */

/* Begin PBXProject section */
		A3CD4E4A274434EE00869ECB /* Project object */ = {
			isa = PBXProject;
			attributes = {
				BuildIndependentTargetsInParallel = 1;
				LastSwiftUpdateCheck = 1310;
				LastUpgradeCheck = 1320;
				TargetAttributes = {
					A3CD4E51274434EE00869ECB = {
						CreatedOnToolsVersion = 13.1;
					};
				};
			};
			buildConfigurationList = A3CD4E4D274434EE00869ECB /* Build configuration list for PBXProject "aftermath" */;
			compatibilityVersion = "Xcode 13.0";
			developmentRegion = en;
			hasScannedForEncodings = 0;
			knownRegions = (
				en,
				Base,
			);
			mainGroup = A3CD4E49274434EE00869ECB;
			productRefGroup = A3CD4E53274434EE00869ECB /* Products */;
			projectDirPath = "";
			projectRoot = "";
			targets = (
				A3CD4E51274434EE00869ECB /* aftermath */,
			);
		};
/* End PBXProject section */

/* Begin PBXSourcesBuildPhase section */
		A3CD4E4E274434EE00869ECB /* Sources */ = {
			isa = PBXSourcesBuildPhase;
			buildActionMask = 2147483647;
			files = (
				A0E1E3F1275EC818008D0DC6 /* Opera.swift in Sources */,
				A3745358275730870074B65C /* LaunchItems.swift in Sources */,
				A0E1E3F3275EC81F008D0DC6 /* Brave.swift in Sources */,
				A3046F902763AE5E0069AA21 /* CaseFiles.swift in Sources */,
				A3CD4E56274434EE00869ECB /* main.swift in Sources */,
				A3A3A3CC27472CD900F8F557 /* ArgManager.swift in Sources */,
				A374535A275735B40074B65C /* LoginHooks.swift in Sources */,
				70CF9E3A27611C6100FD884B /* ShellHistoryAndProfiles.swift in Sources */,
				A0E1E3EB275EC800008D0DC6 /* Firefox.swift in Sources */,
				8ABB9E312756D2B500C0ADD7 /* Aftermath.swift in Sources */,
				A0E1E3F8275ED35D008D0DC6 /* Airport.swift in Sources */,
				A0E1E3E9275EC736008D0DC6 /* BrowserModule.swift in Sources */,
				70A44403275707A90035F40E /* SystemReconModule.swift in Sources */,
				A0E1E3EF275EC810008D0DC6 /* Safari.swift in Sources */,
				70A44405275A76990035F40E /* LSQuarantine.swift in Sources */,
				A374535D2757C1300074B65C /* FileManager.swift in Sources */,
				A0E1E3ED275EC809008D0DC6 /* Chrome.swift in Sources */,
				A3046F8E27627DAC0069AA21 /* Module.swift in Sources */,
				8ABB9E2B27568EB700C0ADD7 /* UnifiedLogModule.swift in Sources */,
				A0879957275AD2DC00E885BC /* SystemConfig.swift in Sources */,
				A076742F2755798F00ED7066 /* ArtifactsModule.swift in Sources */,
				A0E1E3E6275EC433008D0DC6 /* MemoryModule.swift in Sources */,
				A0759135275985170006766F /* TCC.swift in Sources */,
				A0E1E3F6275ED2E4008D0DC6 /* NetworkModule.swift in Sources */,
				A076742C27555FC100ED7066 /* PersistenceModule.swift in Sources */,
				A0E1E3E4275EC3D2008D0DC6 /* Swap.swift in Sources */,
			);
			runOnlyForDeploymentPostprocessing = 0;
		};
/* End PBXSourcesBuildPhase section */

/* Begin XCBuildConfiguration section */
		A3CD4E57274434EE00869ECB /* Debug */ = {
			isa = XCBuildConfiguration;
			buildSettings = {
				ALWAYS_SEARCH_USER_PATHS = NO;
				CLANG_ANALYZER_NONNULL = YES;
				CLANG_ANALYZER_NUMBER_OBJECT_CONVERSION = YES_AGGRESSIVE;
				CLANG_CXX_LANGUAGE_STANDARD = "gnu++17";
				CLANG_CXX_LIBRARY = "libc++";
				CLANG_ENABLE_MODULES = YES;
				CLANG_ENABLE_OBJC_ARC = YES;
				CLANG_ENABLE_OBJC_WEAK = YES;
				CLANG_WARN_BLOCK_CAPTURE_AUTORELEASING = YES;
				CLANG_WARN_BOOL_CONVERSION = YES;
				CLANG_WARN_COMMA = YES;
				CLANG_WARN_CONSTANT_CONVERSION = YES;
				CLANG_WARN_DEPRECATED_OBJC_IMPLEMENTATIONS = YES;
				CLANG_WARN_DIRECT_OBJC_ISA_USAGE = YES_ERROR;
				CLANG_WARN_DOCUMENTATION_COMMENTS = YES;
				CLANG_WARN_EMPTY_BODY = YES;
				CLANG_WARN_ENUM_CONVERSION = YES;
				CLANG_WARN_INFINITE_RECURSION = YES;
				CLANG_WARN_INT_CONVERSION = YES;
				CLANG_WARN_NON_LITERAL_NULL_CONVERSION = YES;
				CLANG_WARN_OBJC_IMPLICIT_RETAIN_SELF = YES;
				CLANG_WARN_OBJC_LITERAL_CONVERSION = YES;
				CLANG_WARN_OBJC_ROOT_CLASS = YES_ERROR;
				CLANG_WARN_QUOTED_INCLUDE_IN_FRAMEWORK_HEADER = YES;
				CLANG_WARN_RANGE_LOOP_ANALYSIS = YES;
				CLANG_WARN_STRICT_PROTOTYPES = YES;
				CLANG_WARN_SUSPICIOUS_MOVE = YES;
				CLANG_WARN_UNGUARDED_AVAILABILITY = YES_AGGRESSIVE;
				CLANG_WARN_UNREACHABLE_CODE = YES;
				CLANG_WARN__DUPLICATE_METHOD_MATCH = YES;
				COPY_PHASE_STRIP = NO;
				DEBUG_INFORMATION_FORMAT = dwarf;
				ENABLE_STRICT_OBJC_MSGSEND = YES;
				ENABLE_TESTABILITY = YES;
				GCC_C_LANGUAGE_STANDARD = gnu11;
				GCC_DYNAMIC_NO_PIC = NO;
				GCC_NO_COMMON_BLOCKS = YES;
				GCC_OPTIMIZATION_LEVEL = 0;
				GCC_PREPROCESSOR_DEFINITIONS = (
					"DEBUG=1",
					"$(inherited)",
				);
				GCC_WARN_64_TO_32_BIT_CONVERSION = YES;
				GCC_WARN_ABOUT_RETURN_TYPE = YES_ERROR;
				GCC_WARN_UNDECLARED_SELECTOR = YES;
				GCC_WARN_UNINITIALIZED_AUTOS = YES_AGGRESSIVE;
				GCC_WARN_UNUSED_FUNCTION = YES;
				GCC_WARN_UNUSED_VARIABLE = YES;
				MACOSX_DEPLOYMENT_TARGET = 12.0;
				MTL_ENABLE_DEBUG_INFO = INCLUDE_SOURCE;
				MTL_FAST_MATH = YES;
				ONLY_ACTIVE_ARCH = YES;
				SDKROOT = macosx;
				SWIFT_ACTIVE_COMPILATION_CONDITIONS = DEBUG;
				SWIFT_OPTIMIZATION_LEVEL = "-Onone";
			};
			name = Debug;
		};
		A3CD4E58274434EE00869ECB /* Release */ = {
			isa = XCBuildConfiguration;
			buildSettings = {
				ALWAYS_SEARCH_USER_PATHS = NO;
				CLANG_ANALYZER_NONNULL = YES;
				CLANG_ANALYZER_NUMBER_OBJECT_CONVERSION = YES_AGGRESSIVE;
				CLANG_CXX_LANGUAGE_STANDARD = "gnu++17";
				CLANG_CXX_LIBRARY = "libc++";
				CLANG_ENABLE_MODULES = YES;
				CLANG_ENABLE_OBJC_ARC = YES;
				CLANG_ENABLE_OBJC_WEAK = YES;
				CLANG_WARN_BLOCK_CAPTURE_AUTORELEASING = YES;
				CLANG_WARN_BOOL_CONVERSION = YES;
				CLANG_WARN_COMMA = YES;
				CLANG_WARN_CONSTANT_CONVERSION = YES;
				CLANG_WARN_DEPRECATED_OBJC_IMPLEMENTATIONS = YES;
				CLANG_WARN_DIRECT_OBJC_ISA_USAGE = YES_ERROR;
				CLANG_WARN_DOCUMENTATION_COMMENTS = YES;
				CLANG_WARN_EMPTY_BODY = YES;
				CLANG_WARN_ENUM_CONVERSION = YES;
				CLANG_WARN_INFINITE_RECURSION = YES;
				CLANG_WARN_INT_CONVERSION = YES;
				CLANG_WARN_NON_LITERAL_NULL_CONVERSION = YES;
				CLANG_WARN_OBJC_IMPLICIT_RETAIN_SELF = YES;
				CLANG_WARN_OBJC_LITERAL_CONVERSION = YES;
				CLANG_WARN_OBJC_ROOT_CLASS = YES_ERROR;
				CLANG_WARN_QUOTED_INCLUDE_IN_FRAMEWORK_HEADER = YES;
				CLANG_WARN_RANGE_LOOP_ANALYSIS = YES;
				CLANG_WARN_STRICT_PROTOTYPES = YES;
				CLANG_WARN_SUSPICIOUS_MOVE = YES;
				CLANG_WARN_UNGUARDED_AVAILABILITY = YES_AGGRESSIVE;
				CLANG_WARN_UNREACHABLE_CODE = YES;
				CLANG_WARN__DUPLICATE_METHOD_MATCH = YES;
				COPY_PHASE_STRIP = NO;
				DEBUG_INFORMATION_FORMAT = "dwarf-with-dsym";
				ENABLE_NS_ASSERTIONS = NO;
				ENABLE_STRICT_OBJC_MSGSEND = YES;
				GCC_C_LANGUAGE_STANDARD = gnu11;
				GCC_NO_COMMON_BLOCKS = YES;
				GCC_WARN_64_TO_32_BIT_CONVERSION = YES;
				GCC_WARN_ABOUT_RETURN_TYPE = YES_ERROR;
				GCC_WARN_UNDECLARED_SELECTOR = YES;
				GCC_WARN_UNINITIALIZED_AUTOS = YES_AGGRESSIVE;
				GCC_WARN_UNUSED_FUNCTION = YES;
				GCC_WARN_UNUSED_VARIABLE = YES;
				MACOSX_DEPLOYMENT_TARGET = 12.0;
				MTL_ENABLE_DEBUG_INFO = NO;
				MTL_FAST_MATH = YES;
				SDKROOT = macosx;
				SWIFT_COMPILATION_MODE = wholemodule;
				SWIFT_OPTIMIZATION_LEVEL = "-O";
			};
			name = Release;
		};
		A3CD4E5A274434EE00869ECB /* Debug */ = {
			isa = XCBuildConfiguration;
			buildSettings = {
				CODE_SIGN_IDENTITY = "-";
				CODE_SIGN_STYLE = Automatic;
				DEVELOPMENT_TEAM = "";
				ENABLE_HARDENED_RUNTIME = YES;
				PRODUCT_NAME = "$(TARGET_NAME)";
				SWIFT_VERSION = 5.0;
			};
			name = Debug;
		};
		A3CD4E5B274434EE00869ECB /* Release */ = {
			isa = XCBuildConfiguration;
			buildSettings = {
				CODE_SIGN_IDENTITY = "-";
				CODE_SIGN_STYLE = Automatic;
				DEVELOPMENT_TEAM = "";
				ENABLE_HARDENED_RUNTIME = YES;
				PRODUCT_NAME = "$(TARGET_NAME)";
				SWIFT_VERSION = 5.0;
			};
			name = Release;
		};
/* End XCBuildConfiguration section */

/* Begin XCConfigurationList section */
		A3CD4E4D274434EE00869ECB /* Build configuration list for PBXProject "aftermath" */ = {
			isa = XCConfigurationList;
			buildConfigurations = (
				A3CD4E57274434EE00869ECB /* Debug */,
				A3CD4E58274434EE00869ECB /* Release */,
			);
			defaultConfigurationIsVisible = 0;
			defaultConfigurationName = Release;
		};
		A3CD4E59274434EE00869ECB /* Build configuration list for PBXNativeTarget "aftermath" */ = {
			isa = XCConfigurationList;
			buildConfigurations = (
				A3CD4E5A274434EE00869ECB /* Debug */,
				A3CD4E5B274434EE00869ECB /* Release */,
			);
			defaultConfigurationIsVisible = 0;
			defaultConfigurationName = Release;
		};
/* End XCConfigurationList section */
	};
	rootObject = A3CD4E4A274434EE00869ECB /* Project object */;
}
