{
  "originHash" : "d0d4edfdf2bf3cd05b3ba2dec0af1a9c271c93f944cbba8677cc647f74a6b323",
  "pins" : [
    {
      "identity" : "zipfoundation",
      "kind" : "remoteSourceControl",
      "location" : "https://github.com/weichsel/ZIPFoundation",
      "state" : {
        "revision" : "b979e8b52c7ae7f3f39fa0182e738e9e7257eb78",
        "version" : "0.9.18"
      }
    }
  ],
  "version" : 3
}
