{
  "pins" : [
    {
      "identity" : "zipfoundation",
      "kind" : "remoteSourceControl",
      "location" : "https://github.com/weichsel/ZIPFoundation",
      "state" : {
        "revision" : "1b662e2e7a091710ad8a963263939984e2ebf527",
        "version" : "0.9.14"
      }
    }
  ],
  "version" : 2
}
