{
  "originHash" : "d0d4edfdf2bf3cd05b3ba2dec0af1a9c271c93f944cbba8677cc647f74a6b323",
  "pins" : [
    {
      "identity" : "zipfoundation",
      "kind" : "remoteSourceControl",
      "location" : "https://github.com/weichsel/ZIPFoundation",
      "state" : {
        "revision" : "43ec568034b3731101dbf7670765d671c30f54f3",
        "version" : "0.9.16"
      }
    }
  ],
  "version" : 3
}
